
Microsoft Visual Studio Solution File, Format Version 12.00
# Visual Studio Version 16
VisualStudioVersion = 16.0.30907.101
MinimumVisualStudioVersion = 10.0.40219.1
Project("{9A19103F-16F7-4668-BE54-9A1E7A4F7556}") = "Pink.Domain", "Ping.Domain\Pink.Domain.csproj", "{E962B52A-A483-4D98-8B52-88F0919678C9}"
EndProject
Project("{9A19103F-16F7-4668-BE54-9A1E7A4F7556}") = "Pink.Api", "Ping.Api\Pink.Api.csproj", "{419E54F5-D5D2-4C0D-9DDD-11B60B865348}"
EndProject
Project("{9A19103F-16F7-4668-BE54-9A1E7A4F7556}") = "Pink.Infrastructure", "Ping.Infrastructure\Pink.Infrastructure.csproj", "{12675EC1-B8F4-48F5-96D4-B110BD594998}"
EndProject
Project("{9A19103F-16F7-4668-BE54-9A1E7A4F7556}") = "Pink.Wpf", "Ping.Wpf\Pink.Wpf.csproj", "{C080FB9E-D18D-40D7-ABC0-E66BB8E836B0}"
EndProject
Project("{9A19103F-16F7-4668-BE54-9A1E7A4F7556}") = "Pink.Test", "Ping.Test\Pink.Test.csproj", "{C6D044DE-A64A-46FA-8435-08720D164028}"
EndProject
Global
	GlobalSection(SolutionConfigurationPlatforms) = preSolution
		Debug|Any CPU = Debug|Any CPU
		Release|Any CPU = Release|Any CPU
	EndGlobalSection
	GlobalSection(ProjectConfigurationPlatforms) = postSolution
		{E962B52A-A483-4D98-8B52-88F0919678C9}.Debug|Any CPU.ActiveCfg = Debug|Any CPU
		{E962B52A-A483-4D98-8B52-88F0919678C9}.Debug|Any CPU.Build.0 = Debug|Any CPU
		{E962B52A-A483-4D98-8B52-88F0919678C9}.Release|Any CPU.ActiveCfg = Release|Any CPU
		{E962B52A-A483-4D98-8B52-88F0919678C9}.Release|Any CPU.Build.0 = Release|Any CPU
		{419E54F5-D5D2-4C0D-9DDD-11B60B865348}.Debug|Any CPU.ActiveCfg = Debug|Any CPU
		{419E54F5-D5D2-4C0D-9DDD-11B60B865348}.Debug|Any CPU.Build.0 = Debug|Any CPU
		{419E54F5-D5D2-4C0D-9DDD-11B60B865348}.Release|Any CPU.ActiveCfg = Release|Any CPU
		{419E54F5-D5D2-4C0D-9DDD-11B60B865348}.Release|Any CPU.Build.0 = Release|Any CPU
		{12675EC1-B8F4-48F5-96D4-B110BD594998}.Debug|Any CPU.ActiveCfg = Debug|Any CPU
		{12675EC1-B8F4-48F5-96D4-B110BD594998}.Debug|Any CPU.Build.0 = Debug|Any CPU
		{12675EC1-B8F4-48F5-96D4-B110BD594998}.Release|Any CPU.ActiveCfg = Release|Any CPU
		{12675EC1-B8F4-48F5-96D4-B110BD594998}.Release|Any CPU.Build.0 = Release|Any CPU
		{C080FB9E-D18D-40D7-ABC0-E66BB8E836B0}.Debug|Any CPU.ActiveCfg = Debug|Any CPU
		{C080FB9E-D18D-40D7-ABC0-E66BB8E836B0}.Debug|Any CPU.Build.0 = Debug|Any CPU
		{C080FB9E-D18D-40D7-ABC0-E66BB8E836B0}.Release|Any CPU.ActiveCfg = Release|Any CPU
		{C080FB9E-D18D-40D7-ABC0-E66BB8E836B0}.Release|Any CPU.Build.0 = Release|Any CPU
		{C6D044DE-A64A-46FA-8435-08720D164028}.Debug|Any CPU.ActiveCfg = Debug|Any CPU
		{C6D044DE-A64A-46FA-8435-08720D164028}.Debug|Any CPU.Build.0 = Debug|Any CPU
		{C6D044DE-A64A-46FA-8435-08720D164028}.Release|Any CPU.ActiveCfg = Release|Any CPU
		{C6D044DE-A64A-46FA-8435-08720D164028}.Release|Any CPU.Build.0 = Release|Any CPU
	EndGlobalSection
	GlobalSection(SolutionProperties) = preSolution
		HideSolutionNode = FALSE
	EndGlobalSection
	GlobalSection(ExtensibilityGlobals) = postSolution
		SolutionGuid = {1B16A088-AF30-4A4B-B1A1-DB075E7D13D5}
	EndGlobalSection
EndGlobal
